
Microsoft Visual Studio Solution File, Format Version 12.00
# Visual Studio Version 17
VisualStudioVersion = 17.8.34330.188
MinimumVisualStudioVersion = 10.0.40219.1
Project("{2150E333-8FDC-42A3-9474-1A3956D46DE8}") = "Presentation", "Presentation", "{14DE9A8D-3593-446E-B731-5C434FB4509E}"
EndProject
Project("{2150E333-8FDC-42A3-9474-1A3956D46DE8}") = "Core", "Core", "{25CE6066-BD50-4D58-9DE8-B436B4D14054}"
EndProject
Project("{2150E333-8FDC-42A3-9474-1A3956D46DE8}") = "Infraestructure", "Infraestructure", "{B3D33610-9DB7-42B6-B655-D65E1864C58B}"
EndProject
Project("{FAE04EC0-301F-11D3-BF4B-00C04F79EFBC}") = "WebApi", "WebApi\WebApi.csproj", "{2FDD3E45-40C2-4324-B4B0-A6B5B553AC40}"
EndProject
Project("{FAE04EC0-301F-11D3-BF4B-00C04F79EFBC}") = "Domain", "Domain\Domain.csproj", "{78704174-20E9-48ED-8CFA-71D975162150}"
EndProject
Project("{FAE04EC0-301F-11D3-BF4B-00C04F79EFBC}") = "Aplication", "Aplication\Aplication.csproj", "{7564F719-9893-4832-BE98-437B9C3CA999}"
EndProject
Project("{FAE04EC0-301F-11D3-BF4B-00C04F79EFBC}") = "Persistence", "Persistence\Persistence.csproj", "{F3846E4E-94C1-4417-9147-62EC08C7ECB4}"
EndProject
Global
	GlobalSection(SolutionConfigurationPlatforms) = preSolution
		Debug|Any CPU = Debug|Any CPU
		Release|Any CPU = Release|Any CPU
	EndGlobalSection
	GlobalSection(ProjectConfigurationPlatforms) = postSolution
		{2FDD3E45-40C2-4324-B4B0-A6B5B553AC40}.Debug|Any CPU.ActiveCfg = Debug|Any CPU
		{2FDD3E45-40C2-4324-B4B0-A6B5B553AC40}.Debug|Any CPU.Build.0 = Debug|Any CPU
		{2FDD3E45-40C2-4324-B4B0-A6B5B553AC40}.Release|Any CPU.ActiveCfg = Release|Any CPU
		{2FDD3E45-40C2-4324-B4B0-A6B5B553AC40}.Release|Any CPU.Build.0 = Release|Any CPU
		{78704174-20E9-48ED-8CFA-71D975162150}.Debug|Any CPU.ActiveCfg = Debug|Any CPU
		{78704174-20E9-48ED-8CFA-71D975162150}.Debug|Any CPU.Build.0 = Debug|Any CPU
		{78704174-20E9-48ED-8CFA-71D975162150}.Release|Any CPU.ActiveCfg = Release|Any CPU
		{78704174-20E9-48ED-8CFA-71D975162150}.Release|Any CPU.Build.0 = Release|Any CPU
		{7564F719-9893-4832-BE98-437B9C3CA999}.Debug|Any CPU.ActiveCfg = Debug|Any CPU
		{7564F719-9893-4832-BE98-437B9C3CA999}.Debug|Any CPU.Build.0 = Debug|Any CPU
		{7564F719-9893-4832-BE98-437B9C3CA999}.Release|Any CPU.ActiveCfg = Release|Any CPU
		{7564F719-9893-4832-BE98-437B9C3CA999}.Release|Any CPU.Build.0 = Release|Any CPU
		{F3846E4E-94C1-4417-9147-62EC08C7ECB4}.Debug|Any CPU.ActiveCfg = Debug|Any CPU
		{F3846E4E-94C1-4417-9147-62EC08C7ECB4}.Debug|Any CPU.Build.0 = Debug|Any CPU
		{F3846E4E-94C1-4417-9147-62EC08C7ECB4}.Release|Any CPU.ActiveCfg = Release|Any CPU
		{F3846E4E-94C1-4417-9147-62EC08C7ECB4}.Release|Any CPU.Build.0 = Release|Any CPU
	EndGlobalSection
	GlobalSection(SolutionProperties) = preSolution
		HideSolutionNode = FALSE
	EndGlobalSection
	GlobalSection(NestedProjects) = preSolution
		{2FDD3E45-40C2-4324-B4B0-A6B5B553AC40} = {14DE9A8D-3593-446E-B731-5C434FB4509E}
		{78704174-20E9-48ED-8CFA-71D975162150} = {25CE6066-BD50-4D58-9DE8-B436B4D14054}
		{7564F719-9893-4832-BE98-437B9C3CA999} = {25CE6066-BD50-4D58-9DE8-B436B4D14054}
		{F3846E4E-94C1-4417-9147-62EC08C7ECB4} = {B3D33610-9DB7-42B6-B655-D65E1864C58B}
	EndGlobalSection
	GlobalSection(ExtensibilityGlobals) = postSolution
		SolutionGuid = {8506F66E-7F5F-4DEC-AE2E-D4349D7F9653}
	EndGlobalSection
EndGlobal
